
Microsoft Visual Studio Solution File, Format Version 12.00
# Visual Studio Version 17
VisualStudioVersion = 17.8.34525.116
MinimumVisualStudioVersion = 10.0.40219.1
Project("{FAE04EC0-301F-11D3-BF4B-00C04F79EFBC}") = "17_02_files_work", "17_02_files_work.csproj", "{9953E226-B2C3-4D57-B9A8-59F89C440078}"
EndProject
Global
	GlobalSection(SolutionConfigurationPlatforms) = preSolution
		Debug|Any CPU = Debug|Any CPU
		Release|Any CPU = Release|Any CPU
	EndGlobalSection
	GlobalSection(ProjectConfigurationPlatforms) = postSolution
		{9953E226-B2C3-4D57-B9A8-59F89C440078}.Debug|Any CPU.ActiveCfg = Debug|Any CPU
		{9953E226-B2C3-4D57-B9A8-59F89C440078}.Debug|Any CPU.Build.0 = Debug|Any CPU
		{9953E226-B2C3-4D57-B9A8-59F89C440078}.Release|Any CPU.ActiveCfg = Release|Any CPU
		{9953E226-B2C3-4D57-B9A8-59F89C440078}.Release|Any CPU.Build.0 = Release|Any CPU
	EndGlobalSection
	GlobalSection(SolutionProperties) = preSolution
		HideSolutionNode = FALSE
	EndGlobalSection
	GlobalSection(ExtensibilityGlobals) = postSolution
		SolutionGuid = {47DF414B-4A1C-478A-8DF9-A19145155EF3}
	EndGlobalSection
EndGlobal
